
Microsoft Visual Studio Solution File, Format Version 12.00
# Visual Studio Version 17
VisualStudioVersion = 17.14.36414.22
MinimumVisualStudioVersion = 10.0.40219.1
Project("{2150E333-8FDC-42A3-9474-1A3956D46DE8}") = "Task0", "Task0", "{02EA681E-C7D8-13C7-8484-4AC65E1B71E8}"
EndProject
Project("{FAE04EC0-301F-11D3-BF4B-00C04F79EFBC}") = "Tyuiu.BudykovaMM.Sprint4.Task0.V29", "Tyuiu.BudykovaMM.Sprint4.Task0.V29\Tyuiu.BudykovaMM.Sprint4.Task0.V29.csproj", "{EEA6B889-E5A5-4415-8F32-5AAE89014615}"
EndProject
Project("{FAE04EC0-301F-11D3-BF4B-00C04F79EFBC}") = "Tyuiu.BudykovaMM.Sprint4.Task0.V29.Lib", "Tyuiu.BudykovaMM.Sprint4.Task0.V29.Lib\Tyuiu.BudykovaMM.Sprint4.Task0.V29.Lib.csproj", "{9FCFA46C-6459-4EEB-8C14-1476AA2037AA}"
EndProject
Project("{FAE04EC0-301F-11D3-BF4B-00C04F79EFBC}") = "Tyuiu.BudykovaMM.Sprint4.Task0.V29.Test", "Tyuiu.BudykovaMM.Sprint4.Task0.V29.Test\Tyuiu.BudykovaMM.Sprint4.Task0.V29.Test.csproj", "{0D814A78-27DB-4F20-8D93-A1E05074A335}"
EndProject
Project("{2150E333-8FDC-42A3-9474-1A3956D46DE8}") = "Task1", "Task1", "{900D855B-AAAC-48BE-967D-160CA615B92C}"
EndProject
Project("{FAE04EC0-301F-11D3-BF4B-00C04F79EFBC}") = "Tyuiu.BudykovaMM.Sprint4.Task1.V12", "Tyuiu.BudykovaMM.Sprint4.Task1.V12\Tyuiu.BudykovaMM.Sprint4.Task1.V12.csproj", "{4FE5E6D1-C5FD-4378-89E9-0537D9FB135E}"
EndProject
Project("{FAE04EC0-301F-11D3-BF4B-00C04F79EFBC}") = "Tyuiu.BudykovaMM.Sprint4.Task1.V12.Lib", "Tyuiu.BudykovaMM.Sprint4.Task1.V12.Lib\Tyuiu.BudykovaMM.Sprint4.Task1.V12.Lib.csproj", "{D6DA4789-4F3D-43EC-8482-F1C7C209F60A}"
EndProject
Project("{FAE04EC0-301F-11D3-BF4B-00C04F79EFBC}") = "Tyuiu.BudykovaMM.Sprint4.Task1.V12.Test", "Tyuiu.BudykovaMM.Sprint4.Task1.V12.Test\Tyuiu.BudykovaMM.Sprint4.Task1.V12.Test.csproj", "{A10844B5-C479-4FC0-938A-E459E2E29A10}"
EndProject
Project("{2150E333-8FDC-42A3-9474-1A3956D46DE8}") = "Task2", "Task2", "{66E203F5-8EAD-4BD7-9785-53DB87C1AFBF}"
EndProject
Project("{FAE04EC0-301F-11D3-BF4B-00C04F79EFBC}") = "Tyuiu.BudykovaMM.Sprint4.Task2.V3", "Tyuiu.BudykovaMM.Sprint4.Task2.V3\Tyuiu.BudykovaMM.Sprint4.Task2.V3.csproj", "{59071009-B996-4DB2-8FD6-F259B90963E6}"
EndProject
Project("{FAE04EC0-301F-11D3-BF4B-00C04F79EFBC}") = "Tyuiu.BudykovaMM.Sprint4.Task2.V3.Lib", "Tyuiu.BudykovaMM.Sprint4.Task2.V3.Lib\Tyuiu.BudykovaMM.Sprint4.Task2.V3.Lib.csproj", "{DDCE42EF-5BC4-41D5-929B-558535CE227D}"
EndProject
Project("{FAE04EC0-301F-11D3-BF4B-00C04F79EFBC}") = "Tyuiu.BudykovaMM.Sprint4.Task2.V3.Test", "Tyuiu.BudykovaMM.Sprint4.Task2.V3.Test\Tyuiu.BudykovaMM.Sprint4.Task2.V3.Test.csproj", "{A52E65FB-D583-4351-8333-49BE3AFF5728}"
EndProject
Project("{2150E333-8FDC-42A3-9474-1A3956D46DE8}") = "Task3", "Task3", "{C8484370-508C-4090-9A99-1C0485ED1704}"
EndProject
Project("{FAE04EC0-301F-11D3-BF4B-00C04F79EFBC}") = "Tyuiu.BudykovaMM.Sprint4.Task3.V16", "Tyuiu.BudykovaMM.Sprint4.Task3.V16\Tyuiu.BudykovaMM.Sprint4.Task3.V16.csproj", "{DEAFEE4D-F539-4851-8E0C-CF3CF31914EA}"
EndProject
Project("{FAE04EC0-301F-11D3-BF4B-00C04F79EFBC}") = "Tyuiu.BudykovaMM.Sprint4.Task3.V16.Lib", "Tyuiu.BudykovaMM.Sprint4.Task3.V16.Lib\Tyuiu.BudykovaMM.Sprint4.Task3.V16.Lib.csproj", "{9F801994-BC19-4D49-AE81-23D9D1286801}"
EndProject
Project("{FAE04EC0-301F-11D3-BF4B-00C04F79EFBC}") = "Tyuiu.BudykovaMM.Sprint4.Task3.V16.Test", "Tyuiu.BudykovaMM.Sprint4.Task3.V16.Test\Tyuiu.BudykovaMM.Sprint4.Task3.V16.Test.csproj", "{D7702E47-5D1E-4CF0-B3AF-B15761B39122}"
EndProject
Project("{2150E333-8FDC-42A3-9474-1A3956D46DE8}") = "Task4", "Task4", "{D2F1E479-9D86-44FC-8A13-995EB8704CF7}"
EndProject
Project("{FAE04EC0-301F-11D3-BF4B-00C04F79EFBC}") = "Tyuiu.BudykovaMM.Sprint4.Task4.V4", "Tyuiu.BudykovaMM.Sprint4.Task4.V4\Tyuiu.BudykovaMM.Sprint4.Task4.V4.csproj", "{4F9B9AF2-FE4A-473B-BA8D-DB45EFAD92B3}"
EndProject
Project("{FAE04EC0-301F-11D3-BF4B-00C04F79EFBC}") = "Tyuiu.BudykovaMM.Sprint4.Task4.V4.Lib", "Tyuiu.BudykovaMM.Sprint4.Task4.V4.Lib\Tyuiu.BudykovaMM.Sprint4.Task4.V4.Lib.csproj", "{4029FDCC-8077-4AB2-9062-16881D0B724C}"
EndProject
Project("{FAE04EC0-301F-11D3-BF4B-00C04F79EFBC}") = "Tyuiu.BudykovaMM.Sprint4.Task4.V4.Test", "Tyuiu.BudykovaMM.Sprint4.Task4.V4.Test\Tyuiu.BudykovaMM.Sprint4.Task4.V4.Test.csproj", "{6E654F5E-1DB9-49AC-8AAE-A6D3735CDAD4}"
EndProject
Project("{2150E333-8FDC-42A3-9474-1A3956D46DE8}") = "Task5", "Task5", "{3A835004-6EB9-47E9-94AC-3BBDC4286A7B}"
EndProject
Project("{FAE04EC0-301F-11D3-BF4B-00C04F79EFBC}") = "Tyuiu.BudykovaMM.Sprint4.Task5.V28", "Tyuiu.BudykovaMM.Sprint4.Task5.V28\Tyuiu.BudykovaMM.Sprint4.Task5.V28.csproj", "{7EC8D6EA-3FF4-48F4-AC19-CF8920827B66}"
EndProject
Project("{FAE04EC0-301F-11D3-BF4B-00C04F79EFBC}") = "Tyuiu.BudykovaMM.Sprint4.Task5.V28.Lib", "Tyuiu.BudykovaMM.Sprint4.Task5.V28.Lib\Tyuiu.BudykovaMM.Sprint4.Task5.V28.Lib.csproj", "{4796CE84-A187-48CD-B5E2-4A2C68A957DD}"
EndProject
Project("{FAE04EC0-301F-11D3-BF4B-00C04F79EFBC}") = "Tyuiu.BudykovaMM.Sprint4.Task5.V28.Test", "Tyuiu.BudykovaMM.Sprint4.Task5.V28.Test\Tyuiu.BudykovaMM.Sprint4.Task5.V28.Test.csproj", "{EEDAC372-78DA-4D41-9CDF-DB11618FD02F}"
EndProject
Project("{2150E333-8FDC-42A3-9474-1A3956D46DE8}") = "Task6", "Task6", "{645DA19E-4FB8-4FDE-911A-D6BE2AF6603B}"
EndProject
Project("{FAE04EC0-301F-11D3-BF4B-00C04F79EFBC}") = "Tyuiu.BudykovaMM.Sprint4.Task6.V29", "Tyuiu.BudykovaMM.Sprint4.Task6.V29\Tyuiu.BudykovaMM.Sprint4.Task6.V29.csproj", "{6CF05957-B126-40D3-A881-C9C7FB2E5682}"
EndProject
Project("{FAE04EC0-301F-11D3-BF4B-00C04F79EFBC}") = "Tyuiu.BudykovaMM.Sprint4.Task6.V29.Lib", "Tyuiu.BudykovaMM.Sprint4.Task6.V29.Lib\Tyuiu.BudykovaMM.Sprint4.Task6.V29.Lib.csproj", "{C349ED35-DEAF-419F-BD18-82D9A407FA9F}"
EndProject
Project("{FAE04EC0-301F-11D3-BF4B-00C04F79EFBC}") = "Tyuiu.BudykovaMM.Sprint4.Task6.V29.Test", "Tyuiu.BudykovaMM.Sprint4.Task6.V29.Test\Tyuiu.BudykovaMM.Sprint4.Task6.V29.Test.csproj", "{FEC5C9FE-9859-44F0-94A3-E676D2450163}"
EndProject
Project("{2150E333-8FDC-42A3-9474-1A3956D46DE8}") = "Task7", "Task7", "{0ECE9544-37FB-4C1A-BD2C-B12E343580EC}"
EndProject
Project("{FAE04EC0-301F-11D3-BF4B-00C04F79EFBC}") = "Tyuiu.BudykovaMM.Sprint4.Task7.V26", "Tyuiu.BudykovaMM.Sprint4.Task7.V26\Tyuiu.BudykovaMM.Sprint4.Task7.V26.csproj", "{48D54ED0-FCF5-4830-B075-826FAB512257}"
EndProject
Project("{FAE04EC0-301F-11D3-BF4B-00C04F79EFBC}") = "Tyuiu.BudykovaMM.Sprint4.Task7.V26.Lib", "Tyuiu.BudykovaMM.Sprint4.Task7.V26.Lib\Tyuiu.BudykovaMM.Sprint4.Task7.V26.Lib.csproj", "{8B6D59D6-525F-4030-B680-93DA207FC9E6}"
EndProject
Project("{FAE04EC0-301F-11D3-BF4B-00C04F79EFBC}") = "Tyuiu.BudykovaMM.Sprint4.Task7.V26.Test", "Tyuiu.BudykovaMM.Sprint4.Task7.V26.Test\Tyuiu.BudykovaMM.Sprint4.Task7.V26.Test.csproj", "{71CABE63-7B71-4894-B2D7-5FAF7877C0DF}"
EndProject
Global
	GlobalSection(SolutionConfigurationPlatforms) = preSolution
		Debug|Any CPU = Debug|Any CPU
		Release|Any CPU = Release|Any CPU
	EndGlobalSection
	GlobalSection(ProjectConfigurationPlatforms) = postSolution
		{EEA6B889-E5A5-4415-8F32-5AAE89014615}.Debug|Any CPU.ActiveCfg = Debug|Any CPU
		{EEA6B889-E5A5-4415-8F32-5AAE89014615}.Debug|Any CPU.Build.0 = Debug|Any CPU
		{EEA6B889-E5A5-4415-8F32-5AAE89014615}.Release|Any CPU.ActiveCfg = Release|Any CPU
		{EEA6B889-E5A5-4415-8F32-5AAE89014615}.Release|Any CPU.Build.0 = Release|Any CPU
		{9FCFA46C-6459-4EEB-8C14-1476AA2037AA}.Debug|Any CPU.ActiveCfg = Debug|Any CPU
		{9FCFA46C-6459-4EEB-8C14-1476AA2037AA}.Debug|Any CPU.Build.0 = Debug|Any CPU
		{9FCFA46C-6459-4EEB-8C14-1476AA2037AA}.Release|Any CPU.ActiveCfg = Release|Any CPU
		{9FCFA46C-6459-4EEB-8C14-1476AA2037AA}.Release|Any CPU.Build.0 = Release|Any CPU
		{0D814A78-27DB-4F20-8D93-A1E05074A335}.Debug|Any CPU.ActiveCfg = Debug|Any CPU
		{0D814A78-27DB-4F20-8D93-A1E05074A335}.Debug|Any CPU.Build.0 = Debug|Any CPU
		{0D814A78-27DB-4F20-8D93-A1E05074A335}.Release|Any CPU.ActiveCfg = Release|Any CPU
		{0D814A78-27DB-4F20-8D93-A1E05074A335}.Release|Any CPU.Build.0 = Release|Any CPU
		{4FE5E6D1-C5FD-4378-89E9-0537D9FB135E}.Debug|Any CPU.ActiveCfg = Debug|Any CPU
		{4FE5E6D1-C5FD-4378-89E9-0537D9FB135E}.Debug|Any CPU.Build.0 = Debug|Any CPU
		{4FE5E6D1-C5FD-4378-89E9-0537D9FB135E}.Release|Any CPU.ActiveCfg = Release|Any CPU
		{4FE5E6D1-C5FD-4378-89E9-0537D9FB135E}.Release|Any CPU.Build.0 = Release|Any CPU
		{D6DA4789-4F3D-43EC-8482-F1C7C209F60A}.Debug|Any CPU.ActiveCfg = Debug|Any CPU
		{D6DA4789-4F3D-43EC-8482-F1C7C209F60A}.Debug|Any CPU.Build.0 = Debug|Any CPU
		{D6DA4789-4F3D-43EC-8482-F1C7C209F60A}.Release|Any CPU.ActiveCfg = Release|Any CPU
		{D6DA4789-4F3D-43EC-8482-F1C7C209F60A}.Release|Any CPU.Build.0 = Release|Any CPU
		{A10844B5-C479-4FC0-938A-E459E2E29A10}.Debug|Any CPU.ActiveCfg = Debug|Any CPU
		{A10844B5-C479-4FC0-938A-E459E2E29A10}.Debug|Any CPU.Build.0 = Debug|Any CPU
		{A10844B5-C479-4FC0-938A-E459E2E29A10}.Release|Any CPU.ActiveCfg = Release|Any CPU
		{A10844B5-C479-4FC0-938A-E459E2E29A10}.Release|Any CPU.Build.0 = Release|Any CPU
		{59071009-B996-4DB2-8FD6-F259B90963E6}.Debug|Any CPU.ActiveCfg = Debug|Any CPU
		{59071009-B996-4DB2-8FD6-F259B90963E6}.Debug|Any CPU.Build.0 = Debug|Any CPU
		{59071009-B996-4DB2-8FD6-F259B90963E6}.Release|Any CPU.ActiveCfg = Release|Any CPU
		{59071009-B996-4DB2-8FD6-F259B90963E6}.Release|Any CPU.Build.0 = Release|Any CPU
		{DDCE42EF-5BC4-41D5-929B-558535CE227D}.Debug|Any CPU.ActiveCfg = Debug|Any CPU
		{DDCE42EF-5BC4-41D5-929B-558535CE227D}.Debug|Any CPU.Build.0 = Debug|Any CPU
		{DDCE42EF-5BC4-41D5-929B-558535CE227D}.Release|Any CPU.ActiveCfg = Release|Any CPU
		{DDCE42EF-5BC4-41D5-929B-558535CE227D}.Release|Any CPU.Build.0 = Release|Any CPU
		{A52E65FB-D583-4351-8333-49BE3AFF5728}.Debug|Any CPU.ActiveCfg = Debug|Any CPU
		{A52E65FB-D583-4351-8333-49BE3AFF5728}.Debug|Any CPU.Build.0 = Debug|Any CPU
		{A52E65FB-D583-4351-8333-49BE3AFF5728}.Release|Any CPU.ActiveCfg = Release|Any CPU
		{A52E65FB-D583-4351-8333-49BE3AFF5728}.Release|Any CPU.Build.0 = Release|Any CPU
		{DEAFEE4D-F539-4851-8E0C-CF3CF31914EA}.Debug|Any CPU.ActiveCfg = Debug|Any CPU
		{DEAFEE4D-F539-4851-8E0C-CF3CF31914EA}.Debug|Any CPU.Build.0 = Debug|Any CPU
		{DEAFEE4D-F539-4851-8E0C-CF3CF31914EA}.Release|Any CPU.ActiveCfg = Release|Any CPU
		{DEAFEE4D-F539-4851-8E0C-CF3CF31914EA}.Release|Any CPU.Build.0 = Release|Any CPU
		{9F801994-BC19-4D49-AE81-23D9D1286801}.Debug|Any CPU.ActiveCfg = Debug|Any CPU
		{9F801994-BC19-4D49-AE81-23D9D1286801}.Debug|Any CPU.Build.0 = Debug|Any CPU
		{9F801994-BC19-4D49-AE81-23D9D1286801}.Release|Any CPU.ActiveCfg = Release|Any CPU
		{9F801994-BC19-4D49-AE81-23D9D1286801}.Release|Any CPU.Build.0 = Release|Any CPU
		{D7702E47-5D1E-4CF0-B3AF-B15761B39122}.Debug|Any CPU.ActiveCfg = Debug|Any CPU
		{D7702E47-5D1E-4CF0-B3AF-B15761B39122}.Debug|Any CPU.Build.0 = Debug|Any CPU
		{D7702E47-5D1E-4CF0-B3AF-B15761B39122}.Release|Any CPU.ActiveCfg = Release|Any CPU
		{D7702E47-5D1E-4CF0-B3AF-B15761B39122}.Release|Any CPU.Build.0 = Release|Any CPU
		{4F9B9AF2-FE4A-473B-BA8D-DB45EFAD92B3}.Debug|Any CPU.ActiveCfg = Debug|Any CPU
		{4F9B9AF2-FE4A-473B-BA8D-DB45EFAD92B3}.Debug|Any CPU.Build.0 = Debug|Any CPU
		{4F9B9AF2-FE4A-473B-BA8D-DB45EFAD92B3}.Release|Any CPU.ActiveCfg = Release|Any CPU
		{4F9B9AF2-FE4A-473B-BA8D-DB45EFAD92B3}.Release|Any CPU.Build.0 = Release|Any CPU
		{4029FDCC-8077-4AB2-9062-16881D0B724C}.Debug|Any CPU.ActiveCfg = Debug|Any CPU
		{4029FDCC-8077-4AB2-9062-16881D0B724C}.Debug|Any CPU.Build.0 = Debug|Any CPU
		{4029FDCC-8077-4AB2-9062-16881D0B724C}.Release|Any CPU.ActiveCfg = Release|Any CPU
		{4029FDCC-8077-4AB2-9062-16881D0B724C}.Release|Any CPU.Build.0 = Release|Any CPU
		{6E654F5E-1DB9-49AC-8AAE-A6D3735CDAD4}.Debug|Any CPU.ActiveCfg = Debug|Any CPU
		{6E654F5E-1DB9-49AC-8AAE-A6D3735CDAD4}.Debug|Any CPU.Build.0 = Debug|Any CPU
		{6E654F5E-1DB9-49AC-8AAE-A6D3735CDAD4}.Release|Any CPU.ActiveCfg = Release|Any CPU
		{6E654F5E-1DB9-49AC-8AAE-A6D3735CDAD4}.Release|Any CPU.Build.0 = Release|Any CPU
		{7EC8D6EA-3FF4-48F4-AC19-CF8920827B66}.Debug|Any CPU.ActiveCfg = Debug|Any CPU
		{7EC8D6EA-3FF4-48F4-AC19-CF8920827B66}.Debug|Any CPU.Build.0 = Debug|Any CPU
		{7EC8D6EA-3FF4-48F4-AC19-CF8920827B66}.Release|Any CPU.ActiveCfg = Release|Any CPU
		{7EC8D6EA-3FF4-48F4-AC19-CF8920827B66}.Release|Any CPU.Build.0 = Release|Any CPU
		{4796CE84-A187-48CD-B5E2-4A2C68A957DD}.Debug|Any CPU.ActiveCfg = Debug|Any CPU
		{4796CE84-A187-48CD-B5E2-4A2C68A957DD}.Debug|Any CPU.Build.0 = Debug|Any CPU
		{4796CE84-A187-48CD-B5E2-4A2C68A957DD}.Release|Any CPU.ActiveCfg = Release|Any CPU
		{4796CE84-A187-48CD-B5E2-4A2C68A957DD}.Release|Any CPU.Build.0 = Release|Any CPU
		{EEDAC372-78DA-4D41-9CDF-DB11618FD02F}.Debug|Any CPU.ActiveCfg = Debug|Any CPU
		{EEDAC372-78DA-4D41-9CDF-DB11618FD02F}.Debug|Any CPU.Build.0 = Debug|Any CPU
		{EEDAC372-78DA-4D41-9CDF-DB11618FD02F}.Release|Any CPU.ActiveCfg = Release|Any CPU
		{EEDAC372-78DA-4D41-9CDF-DB11618FD02F}.Release|Any CPU.Build.0 = Release|Any CPU
		{6CF05957-B126-40D3-A881-C9C7FB2E5682}.Debug|Any CPU.ActiveCfg = Debug|Any CPU
		{6CF05957-B126-40D3-A881-C9C7FB2E5682}.Debug|Any CPU.Build.0 = Debug|Any CPU
		{6CF05957-B126-40D3-A881-C9C7FB2E5682}.Release|Any CPU.ActiveCfg = Release|Any CPU
		{6CF05957-B126-40D3-A881-C9C7FB2E5682}.Release|Any CPU.Build.0 = Release|Any CPU
		{C349ED35-DEAF-419F-BD18-82D9A407FA9F}.Debug|Any CPU.ActiveCfg = Debug|Any CPU
		{C349ED35-DEAF-419F-BD18-82D9A407FA9F}.Debug|Any CPU.Build.0 = Debug|Any CPU
		{C349ED35-DEAF-419F-BD18-82D9A407FA9F}.Release|Any CPU.ActiveCfg = Release|Any CPU
		{C349ED35-DEAF-419F-BD18-82D9A407FA9F}.Release|Any CPU.Build.0 = Release|Any CPU
		{FEC5C9FE-9859-44F0-94A3-E676D2450163}.Debug|Any CPU.ActiveCfg = Debug|Any CPU
		{FEC5C9FE-9859-44F0-94A3-E676D2450163}.Debug|Any CPU.Build.0 = Debug|Any CPU
		{FEC5C9FE-9859-44F0-94A3-E676D2450163}.Release|Any CPU.ActiveCfg = Release|Any CPU
		{FEC5C9FE-9859-44F0-94A3-E676D2450163}.Release|Any CPU.Build.0 = Release|Any CPU
		{48D54ED0-FCF5-4830-B075-826FAB512257}.Debug|Any CPU.ActiveCfg = Debug|Any CPU
		{48D54ED0-FCF5-4830-B075-826FAB512257}.Debug|Any CPU.Build.0 = Debug|Any CPU
		{48D54ED0-FCF5-4830-B075-826FAB512257}.Release|Any CPU.ActiveCfg = Release|Any CPU
		{48D54ED0-FCF5-4830-B075-826FAB512257}.Release|Any CPU.Build.0 = Release|Any CPU
		{8B6D59D6-525F-4030-B680-93DA207FC9E6}.Debug|Any CPU.ActiveCfg = Debug|Any CPU
		{8B6D59D6-525F-4030-B680-93DA207FC9E6}.Debug|Any CPU.Build.0 = Debug|Any CPU
		{8B6D59D6-525F-4030-B680-93DA207FC9E6}.Release|Any CPU.ActiveCfg = Release|Any CPU
		{8B6D59D6-525F-4030-B680-93DA207FC9E6}.Release|Any CPU.Build.0 = Release|Any CPU
		{71CABE63-7B71-4894-B2D7-5FAF7877C0DF}.Debug|Any CPU.ActiveCfg = Debug|Any CPU
		{71CABE63-7B71-4894-B2D7-5FAF7877C0DF}.Debug|Any CPU.Build.0 = Debug|Any CPU
		{71CABE63-7B71-4894-B2D7-5FAF7877C0DF}.Release|Any CPU.ActiveCfg = Release|Any CPU
		{71CABE63-7B71-4894-B2D7-5FAF7877C0DF}.Release|Any CPU.Build.0 = Release|Any CPU
	EndGlobalSection
	GlobalSection(SolutionProperties) = preSolution
		HideSolutionNode = FALSE
	EndGlobalSection
	GlobalSection(NestedProjects) = preSolution
		{EEA6B889-E5A5-4415-8F32-5AAE89014615} = {02EA681E-C7D8-13C7-8484-4AC65E1B71E8}
		{9FCFA46C-6459-4EEB-8C14-1476AA2037AA} = {02EA681E-C7D8-13C7-8484-4AC65E1B71E8}
		{0D814A78-27DB-4F20-8D93-A1E05074A335} = {02EA681E-C7D8-13C7-8484-4AC65E1B71E8}
		{4FE5E6D1-C5FD-4378-89E9-0537D9FB135E} = {900D855B-AAAC-48BE-967D-160CA615B92C}
		{D6DA4789-4F3D-43EC-8482-F1C7C209F60A} = {900D855B-AAAC-48BE-967D-160CA615B92C}
		{A10844B5-C479-4FC0-938A-E459E2E29A10} = {900D855B-AAAC-48BE-967D-160CA615B92C}
		{59071009-B996-4DB2-8FD6-F259B90963E6} = {66E203F5-8EAD-4BD7-9785-53DB87C1AFBF}
		{DDCE42EF-5BC4-41D5-929B-558535CE227D} = {66E203F5-8EAD-4BD7-9785-53DB87C1AFBF}
		{A52E65FB-D583-4351-8333-49BE3AFF5728} = {66E203F5-8EAD-4BD7-9785-53DB87C1AFBF}
		{DEAFEE4D-F539-4851-8E0C-CF3CF31914EA} = {C8484370-508C-4090-9A99-1C0485ED1704}
		{9F801994-BC19-4D49-AE81-23D9D1286801} = {C8484370-508C-4090-9A99-1C0485ED1704}
		{D7702E47-5D1E-4CF0-B3AF-B15761B39122} = {C8484370-508C-4090-9A99-1C0485ED1704}
		{4F9B9AF2-FE4A-473B-BA8D-DB45EFAD92B3} = {D2F1E479-9D86-44FC-8A13-995EB8704CF7}
		{4029FDCC-8077-4AB2-9062-16881D0B724C} = {D2F1E479-9D86-44FC-8A13-995EB8704CF7}
		{6E654F5E-1DB9-49AC-8AAE-A6D3735CDAD4} = {D2F1E479-9D86-44FC-8A13-995EB8704CF7}
		{7EC8D6EA-3FF4-48F4-AC19-CF8920827B66} = {3A835004-6EB9-47E9-94AC-3BBDC4286A7B}
		{4796CE84-A187-48CD-B5E2-4A2C68A957DD} = {3A835004-6EB9-47E9-94AC-3BBDC4286A7B}
		{EEDAC372-78DA-4D41-9CDF-DB11618FD02F} = {3A835004-6EB9-47E9-94AC-3BBDC4286A7B}
		{6CF05957-B126-40D3-A881-C9C7FB2E5682} = {645DA19E-4FB8-4FDE-911A-D6BE2AF6603B}
		{C349ED35-DEAF-419F-BD18-82D9A407FA9F} = {645DA19E-4FB8-4FDE-911A-D6BE2AF6603B}
		{FEC5C9FE-9859-44F0-94A3-E676D2450163} = {645DA19E-4FB8-4FDE-911A-D6BE2AF6603B}
		{48D54ED0-FCF5-4830-B075-826FAB512257} = {0ECE9544-37FB-4C1A-BD2C-B12E343580EC}
		{8B6D59D6-525F-4030-B680-93DA207FC9E6} = {0ECE9544-37FB-4C1A-BD2C-B12E343580EC}
		{71CABE63-7B71-4894-B2D7-5FAF7877C0DF} = {0ECE9544-37FB-4C1A-BD2C-B12E343580EC}
	EndGlobalSection
	GlobalSection(ExtensibilityGlobals) = postSolution
		SolutionGuid = {40D374F8-A481-414A-8A57-4374E2EB8B1B}
	EndGlobalSection
EndGlobal
